
Microsoft Visual Studio Solution File, Format Version 12.00
# Visual Studio Version 17
VisualStudioVersion = 17.3.32811.315
MinimumVisualStudioVersion = 10.0.40219.1
Project("{FAE04EC0-301F-11D3-BF4B-00C04F79EFBC}") = "YAY", "YAY\YAY.csproj", "{FEE750B4-95EF-426F-9A17-86E281A8172A}"
EndProject
Global
	GlobalSection(SolutionConfigurationPlatforms) = preSolution
		Debug|Any CPU = Debug|Any CPU
		Release|Any CPU = Release|Any CPU
	EndGlobalSection
	GlobalSection(ProjectConfigurationPlatforms) = postSolution
		{FEE750B4-95EF-426F-9A17-86E281A8172A}.Debug|Any CPU.ActiveCfg = Debug|Any CPU
		{FEE750B4-95EF-426F-9A17-86E281A8172A}.Debug|Any CPU.Build.0 = Debug|Any CPU
		{FEE750B4-95EF-426F-9A17-86E281A8172A}.Release|Any CPU.ActiveCfg = Release|Any CPU
		{FEE750B4-95EF-426F-9A17-86E281A8172A}.Release|Any CPU.Build.0 = Release|Any CPU
	EndGlobalSection
	GlobalSection(SolutionProperties) = preSolution
		HideSolutionNode = FALSE
	EndGlobalSection
	GlobalSection(ExtensibilityGlobals) = postSolution
		SolutionGuid = {0AB89A12-CC04-4740-9FE8-2F89677A36D6}
	EndGlobalSection
EndGlobal
